
Microsoft Visual Studio Solution File, Format Version 12.00
# Visual Studio 15
VisualStudioVersion = 15.0.28307.1231
MinimumVisualStudioVersion = 10.0.40219.1
Project("{FAE04EC0-301F-11D3-BF4B-00C04F79EFBC}") = "SSBHelper", "SSBHelper\SSBHelper.csproj", "{5761E7EF-8203-4A00-98D1-B51F7E8B812D}"
EndProject
Global
	GlobalSection(SolutionConfigurationPlatforms) = preSolution
		Debug|Any CPU = Debug|Any CPU
		Release|Any CPU = Release|Any CPU
	EndGlobalSection
	GlobalSection(ProjectConfigurationPlatforms) = postSolution
		{5761E7EF-8203-4A00-98D1-B51F7E8B812D}.Debug|Any CPU.ActiveCfg = Debug|Any CPU
		{5761E7EF-8203-4A00-98D1-B51F7E8B812D}.Debug|Any CPU.Build.0 = Debug|Any CPU
		{5761E7EF-8203-4A00-98D1-B51F7E8B812D}.Release|Any CPU.ActiveCfg = Release|Any CPU
		{5761E7EF-8203-4A00-98D1-B51F7E8B812D}.Release|Any CPU.Build.0 = Release|Any CPU
	EndGlobalSection
	GlobalSection(SolutionProperties) = preSolution
		HideSolutionNode = FALSE
	EndGlobalSection
	GlobalSection(ExtensibilityGlobals) = postSolution
		SolutionGuid = {AC4C0F0E-F5FB-4671-9590-177B9F11D67C}
	EndGlobalSection
EndGlobal
